
Microsoft Visual Studio Solution File, Format Version 12.00
# Visual Studio Version 16
VisualStudioVersion = 16.0.31729.503
MinimumVisualStudioVersion = 10.0.40219.1
Project("{FAE04EC0-301F-11D3-BF4B-00C04F79EFBC}") = "hydroponics.Android", "hydroponics\hydroponics.Android\hydroponics.Android.csproj", "{5CF59AC2-332E-4D79-8926-7E72A3EF8F2F}"
EndProject
Project("{FAE04EC0-301F-11D3-BF4B-00C04F79EFBC}") = "hydroponics.iOS", "hydroponics\hydroponics.iOS\hydroponics.iOS.csproj", "{263D6C3D-C46D-496C-9A8D-FC834B716FDB}"
EndProject
Project("{FAE04EC0-301F-11D3-BF4B-00C04F79EFBC}") = "hydroponics", "hydroponics\hydroponics\hydroponics.csproj", "{77940CBA-6C58-4CF2-9D4E-B26388607BF4}"
EndProject
Global
	GlobalSection(SolutionConfigurationPlatforms) = preSolution
		Debug|Any CPU = Debug|Any CPU
		Debug|iPhone = Debug|iPhone
		Debug|iPhoneSimulator = Debug|iPhoneSimulator
		Release|Any CPU = Release|Any CPU
		Release|iPhone = Release|iPhone
		Release|iPhoneSimulator = Release|iPhoneSimulator
	EndGlobalSection
	GlobalSection(ProjectConfigurationPlatforms) = postSolution
		{5CF59AC2-332E-4D79-8926-7E72A3EF8F2F}.Debug|Any CPU.ActiveCfg = Debug|Any CPU
		{5CF59AC2-332E-4D79-8926-7E72A3EF8F2F}.Debug|Any CPU.Build.0 = Debug|Any CPU
		{5CF59AC2-332E-4D79-8926-7E72A3EF8F2F}.Debug|Any CPU.Deploy.0 = Debug|Any CPU
		{5CF59AC2-332E-4D79-8926-7E72A3EF8F2F}.Debug|iPhone.ActiveCfg = Debug|Any CPU
		{5CF59AC2-332E-4D79-8926-7E72A3EF8F2F}.Debug|iPhone.Build.0 = Debug|Any CPU
		{5CF59AC2-332E-4D79-8926-7E72A3EF8F2F}.Debug|iPhone.Deploy.0 = Debug|Any CPU
		{5CF59AC2-332E-4D79-8926-7E72A3EF8F2F}.Debug|iPhoneSimulator.ActiveCfg = Debug|Any CPU
		{5CF59AC2-332E-4D79-8926-7E72A3EF8F2F}.Debug|iPhoneSimulator.Build.0 = Debug|Any CPU
		{5CF59AC2-332E-4D79-8926-7E72A3EF8F2F}.Debug|iPhoneSimulator.Deploy.0 = Debug|Any CPU
		{5CF59AC2-332E-4D79-8926-7E72A3EF8F2F}.Release|Any CPU.ActiveCfg = Release|Any CPU
		{5CF59AC2-332E-4D79-8926-7E72A3EF8F2F}.Release|Any CPU.Build.0 = Release|Any CPU
		{5CF59AC2-332E-4D79-8926-7E72A3EF8F2F}.Release|Any CPU.Deploy.0 = Release|Any CPU
		{5CF59AC2-332E-4D79-8926-7E72A3EF8F2F}.Release|iPhone.ActiveCfg = Release|Any CPU
		{5CF59AC2-332E-4D79-8926-7E72A3EF8F2F}.Release|iPhone.Build.0 = Release|Any CPU
		{5CF59AC2-332E-4D79-8926-7E72A3EF8F2F}.Release|iPhone.Deploy.0 = Release|Any CPU
		{5CF59AC2-332E-4D79-8926-7E72A3EF8F2F}.Release|iPhoneSimulator.ActiveCfg = Release|Any CPU
		{5CF59AC2-332E-4D79-8926-7E72A3EF8F2F}.Release|iPhoneSimulator.Build.0 = Release|Any CPU
		{5CF59AC2-332E-4D79-8926-7E72A3EF8F2F}.Release|iPhoneSimulator.Deploy.0 = Release|Any CPU
		{263D6C3D-C46D-496C-9A8D-FC834B716FDB}.Debug|Any CPU.ActiveCfg = Debug|iPhone
		{263D6C3D-C46D-496C-9A8D-FC834B716FDB}.Debug|Any CPU.Build.0 = Debug|iPhone
		{263D6C3D-C46D-496C-9A8D-FC834B716FDB}.Debug|Any CPU.Deploy.0 = Debug|iPhone
		{263D6C3D-C46D-496C-9A8D-FC834B716FDB}.Debug|iPhone.ActiveCfg = Debug|iPhone
		{263D6C3D-C46D-496C-9A8D-FC834B716FDB}.Debug|iPhone.Build.0 = Debug|iPhone
		{263D6C3D-C46D-496C-9A8D-FC834B716FDB}.Debug|iPhone.Deploy.0 = Debug|iPhone
		{263D6C3D-C46D-496C-9A8D-FC834B716FDB}.Debug|iPhoneSimulator.ActiveCfg = Debug|iPhoneSimulator
		{263D6C3D-C46D-496C-9A8D-FC834B716FDB}.Debug|iPhoneSimulator.Build.0 = Debug|iPhoneSimulator
		{263D6C3D-C46D-496C-9A8D-FC834B716FDB}.Debug|iPhoneSimulator.Deploy.0 = Debug|iPhoneSimulator
		{263D6C3D-C46D-496C-9A8D-FC834B716FDB}.Release|Any CPU.ActiveCfg = Release|iPhoneSimulator
		{263D6C3D-C46D-496C-9A8D-FC834B716FDB}.Release|Any CPU.Build.0 = Release|iPhoneSimulator
		{263D6C3D-C46D-496C-9A8D-FC834B716FDB}.Release|Any CPU.Deploy.0 = Release|iPhoneSimulator
		{263D6C3D-C46D-496C-9A8D-FC834B716FDB}.Release|iPhone.ActiveCfg = Release|iPhone
		{263D6C3D-C46D-496C-9A8D-FC834B716FDB}.Release|iPhone.Build.0 = Release|iPhone
		{263D6C3D-C46D-496C-9A8D-FC834B716FDB}.Release|iPhone.Deploy.0 = Release|iPhone
		{263D6C3D-C46D-496C-9A8D-FC834B716FDB}.Release|iPhoneSimulator.ActiveCfg = Release|iPhoneSimulator
		{263D6C3D-C46D-496C-9A8D-FC834B716FDB}.Release|iPhoneSimulator.Build.0 = Release|iPhoneSimulator
		{263D6C3D-C46D-496C-9A8D-FC834B716FDB}.Release|iPhoneSimulator.Deploy.0 = Release|iPhoneSimulator
		{77940CBA-6C58-4CF2-9D4E-B26388607BF4}.Debug|Any CPU.ActiveCfg = Debug|Any CPU
		{77940CBA-6C58-4CF2-9D4E-B26388607BF4}.Debug|Any CPU.Build.0 = Debug|Any CPU
		{77940CBA-6C58-4CF2-9D4E-B26388607BF4}.Debug|Any CPU.Deploy.0 = Debug|Any CPU
		{77940CBA-6C58-4CF2-9D4E-B26388607BF4}.Debug|iPhone.ActiveCfg = Debug|Any CPU
		{77940CBA-6C58-4CF2-9D4E-B26388607BF4}.Debug|iPhone.Build.0 = Debug|Any CPU
		{77940CBA-6C58-4CF2-9D4E-B26388607BF4}.Debug|iPhone.Deploy.0 = Debug|Any CPU
		{77940CBA-6C58-4CF2-9D4E-B26388607BF4}.Debug|iPhoneSimulator.ActiveCfg = Debug|Any CPU
		{77940CBA-6C58-4CF2-9D4E-B26388607BF4}.Debug|iPhoneSimulator.Build.0 = Debug|Any CPU
		{77940CBA-6C58-4CF2-9D4E-B26388607BF4}.Debug|iPhoneSimulator.Deploy.0 = Debug|Any CPU
		{77940CBA-6C58-4CF2-9D4E-B26388607BF4}.Release|Any CPU.ActiveCfg = Release|Any CPU
		{77940CBA-6C58-4CF2-9D4E-B26388607BF4}.Release|Any CPU.Build.0 = Release|Any CPU
		{77940CBA-6C58-4CF2-9D4E-B26388607BF4}.Release|Any CPU.Deploy.0 = Release|Any CPU
		{77940CBA-6C58-4CF2-9D4E-B26388607BF4}.Release|iPhone.ActiveCfg = Release|Any CPU
		{77940CBA-6C58-4CF2-9D4E-B26388607BF4}.Release|iPhone.Build.0 = Release|Any CPU
		{77940CBA-6C58-4CF2-9D4E-B26388607BF4}.Release|iPhone.Deploy.0 = Release|Any CPU
		{77940CBA-6C58-4CF2-9D4E-B26388607BF4}.Release|iPhoneSimulator.ActiveCfg = Release|Any CPU
		{77940CBA-6C58-4CF2-9D4E-B26388607BF4}.Release|iPhoneSimulator.Build.0 = Release|Any CPU
		{77940CBA-6C58-4CF2-9D4E-B26388607BF4}.Release|iPhoneSimulator.Deploy.0 = Release|Any CPU
	EndGlobalSection
	GlobalSection(SolutionProperties) = preSolution
		HideSolutionNode = FALSE
	EndGlobalSection
	GlobalSection(ExtensibilityGlobals) = postSolution
		SolutionGuid = {B1412349-9202-494B-8CB0-F683048603C1}
	EndGlobalSection
EndGlobal
